
Microsoft Visual Studio Solution File, Format Version 12.00
# Visual Studio Version 16
VisualStudioVersion = 16.0.29728.190
MinimumVisualStudioVersion = 10.0.40219.1
Project("{FAE04EC0-301F-11D3-BF4B-00C04F79EFBC}") = "GenericCollections", "GenericCollections\GenericCollections.csproj", "{3241F662-3D19-414F-9D8C-D9F2FD270E40}"
EndProject
Global
	GlobalSection(SolutionConfigurationPlatforms) = preSolution
		Debug|Any CPU = Debug|Any CPU
		Release|Any CPU = Release|Any CPU
	EndGlobalSection
	GlobalSection(ProjectConfigurationPlatforms) = postSolution
		{3241F662-3D19-414F-9D8C-D9F2FD270E40}.Debug|Any CPU.ActiveCfg = Debug|Any CPU
		{3241F662-3D19-414F-9D8C-D9F2FD270E40}.Debug|Any CPU.Build.0 = Debug|Any CPU
		{3241F662-3D19-414F-9D8C-D9F2FD270E40}.Release|Any CPU.ActiveCfg = Release|Any CPU
		{3241F662-3D19-414F-9D8C-D9F2FD270E40}.Release|Any CPU.Build.0 = Release|Any CPU
	EndGlobalSection
	GlobalSection(SolutionProperties) = preSolution
		HideSolutionNode = FALSE
	EndGlobalSection
	GlobalSection(ExtensibilityGlobals) = postSolution
		SolutionGuid = {D8DB907D-1B51-4019-81C4-EF5AAF3843D5}
	EndGlobalSection
EndGlobal
